
Microsoft Visual Studio Solution File, Format Version 12.00
# Visual Studio Version 17
VisualStudioVersion = 17.11.35219.272
MinimumVisualStudioVersion = 10.0.40219.1
Project("{2150E333-8FDC-42A3-9474-1A3956D46DE8}") = "Solution Items", "Solution Items", "{0790F83D-CB71-48BE-8181-0C9D8F164541}"
	ProjectSection(SolutionItems) = preProject
		.editorconfig = .editorconfig
	EndProjectSection
EndProject
Project("{FAE04EC0-301F-11D3-BF4B-00C04F79EFBC}") = "YoutubeDownload.Application", "YoutubeDownload.Application\YoutubeDownload.Application.csproj", "{0C2D9E8D-24BB-B74C-B49E-DB7C8C34174B}"
EndProject
Project("{FAE04EC0-301F-11D3-BF4B-00C04F79EFBC}") = "YoutubeDownload.Web", "YoutubeDownload.Web\YoutubeDownload.Web.csproj", "{1E56699F-B6AB-47F0-8BA1-DD0E446FC36D}"
EndProject
Project("{FAE04EC0-301F-11D3-BF4B-00C04F79EFBC}") = "YoutubeDownload.Infrastructure", "YoutubeDownload.Infrastructure\YoutubeDownload.Infrastructure.csproj", "{E9911C8C-710E-407A-B6BA-A0FE677FBF4F}"
EndProject
Project("{FAE04EC0-301F-11D3-BF4B-00C04F79EFBC}") = "YoutubeDownload.Blazor", "YoutubeDownload.Blazor\YoutubeDownload.Blazor.csproj", "{070D9011-6F13-4B67-B61F-34CF8F577615}"
EndProject
Project("{2150E333-8FDC-42A3-9474-1A3956D46DE8}") = "src", "src", "{02EA681E-C7D8-13C7-8484-4AC65E1B71E8}"
EndProject
Global
	GlobalSection(SolutionConfigurationPlatforms) = preSolution
		Debug|Any CPU = Debug|Any CPU
		Release|Any CPU = Release|Any CPU
	EndGlobalSection
	GlobalSection(ProjectConfigurationPlatforms) = postSolution
		{0C2D9E8D-24BB-B74C-B49E-DB7C8C34174B}.Debug|Any CPU.ActiveCfg = Debug|Any CPU
		{0C2D9E8D-24BB-B74C-B49E-DB7C8C34174B}.Debug|Any CPU.Build.0 = Debug|Any CPU
		{0C2D9E8D-24BB-B74C-B49E-DB7C8C34174B}.Release|Any CPU.ActiveCfg = Release|Any CPU
		{0C2D9E8D-24BB-B74C-B49E-DB7C8C34174B}.Release|Any CPU.Build.0 = Release|Any CPU
		{1E56699F-B6AB-47F0-8BA1-DD0E446FC36D}.Debug|Any CPU.ActiveCfg = Debug|Any CPU
		{1E56699F-B6AB-47F0-8BA1-DD0E446FC36D}.Debug|Any CPU.Build.0 = Debug|Any CPU
		{1E56699F-B6AB-47F0-8BA1-DD0E446FC36D}.Release|Any CPU.ActiveCfg = Release|Any CPU
		{1E56699F-B6AB-47F0-8BA1-DD0E446FC36D}.Release|Any CPU.Build.0 = Release|Any CPU
		{E9911C8C-710E-407A-B6BA-A0FE677FBF4F}.Debug|Any CPU.ActiveCfg = Debug|Any CPU
		{E9911C8C-710E-407A-B6BA-A0FE677FBF4F}.Debug|Any CPU.Build.0 = Debug|Any CPU
		{E9911C8C-710E-407A-B6BA-A0FE677FBF4F}.Release|Any CPU.ActiveCfg = Release|Any CPU
		{E9911C8C-710E-407A-B6BA-A0FE677FBF4F}.Release|Any CPU.Build.0 = Release|Any CPU
		{070D9011-6F13-4B67-B61F-34CF8F577615}.Debug|Any CPU.ActiveCfg = Debug|Any CPU
		{070D9011-6F13-4B67-B61F-34CF8F577615}.Debug|Any CPU.Build.0 = Debug|Any CPU
		{070D9011-6F13-4B67-B61F-34CF8F577615}.Release|Any CPU.ActiveCfg = Release|Any CPU
		{070D9011-6F13-4B67-B61F-34CF8F577615}.Release|Any CPU.Build.0 = Release|Any CPU
	EndGlobalSection
	GlobalSection(SolutionProperties) = preSolution
		HideSolutionNode = FALSE
	EndGlobalSection
	GlobalSection(NestedProjects) = preSolution
		{0C2D9E8D-24BB-B74C-B49E-DB7C8C34174B} = {02EA681E-C7D8-13C7-8484-4AC65E1B71E8}
		{1E56699F-B6AB-47F0-8BA1-DD0E446FC36D} = {02EA681E-C7D8-13C7-8484-4AC65E1B71E8}
		{E9911C8C-710E-407A-B6BA-A0FE677FBF4F} = {02EA681E-C7D8-13C7-8484-4AC65E1B71E8}
		{070D9011-6F13-4B67-B61F-34CF8F577615} = {02EA681E-C7D8-13C7-8484-4AC65E1B71E8}
	EndGlobalSection
	GlobalSection(ExtensibilityGlobals) = postSolution
		SolutionGuid = {F671C038-0DB8-4E97-B89F-B3F0C09DCCDD}
	EndGlobalSection
EndGlobal
